// !$*UTF8*$!
{
	archiveVersion = 1;
	classes = {
	};
	objectVersion = 46;
	objects = {

/* Begin PBXBuildFile section */
		CCF242A21B3A7DBE0056374F /* AppDelegate.swift in Sources */ = {isa = PBXBuildFile; fileRef = CCF242A11B3A7DBE0056374F /* AppDelegate.swift */; };
		CCF242A41B3A7DBE0056374F /* ViewController.swift in Sources */ = {isa = PBXBuildFile; fileRef = CCF242A31B3A7DBE0056374F /* ViewController.swift */; };
		CCF242A71B3A7DBE0056374F /* Main.storyboard in Resources */ = {isa = PBXBuildFile; fileRef = CCF242A51B3A7DBE0056374F /* Main.storyboard */; };
		CCF242A91B3A7DBE0056374F /* Images.xcassets in Resources */ = {isa = PBXBuildFile; fileRef = CCF242A81B3A7DBE0056374F /* Images.xcassets */; };
		CCF242AC1B3A7DBE0056374F /* LaunchScreen.xib in Resources */ = {isa = PBXBuildFile; fileRef = CCF242AA1B3A7DBE0056374F /* LaunchScreen.xib */; };
		CCF242B81B3A7DBE0056374F /* Auto_LayoutTests.swift in Sources */ = {isa = PBXBuildFile; fileRef = CCF242B71B3A7DBE0056374F /* Auto_LayoutTests.swift */; };
/* End PBXBuildFile section */

/* Begin PBXContainerItemProxy section */
		CCF242B21B3A7DBE0056374F /* PBXContainerItemProxy */ = {
			isa = PBXContainerItemProxy;
			containerPortal = CCF242941B3A7DBE0056374F /* Project object */;
			proxyType = 1;
			remoteGlobalIDString = CCF2429B1B3A7DBE0056374F;
			remoteInfo = "Auto Layout";
		};
/* End PBXContainerItemProxy section */

/* Begin PBXFileReference section */
		CCF2429C1B3A7DBE0056374F /* Auto Layout.app */ = {isa = PBXFileReference; explicitFileType = wrapper.application; includeInIndex = 0; path = "Auto Layout.app"; sourceTree = BUILT_PRODUCTS_DIR; };
		CCF242A01B3A7DBE0056374F /* Info.plist */ = {isa = PBXFileReference; lastKnownFileType = text.plist.xml; path = Info.plist; sourceTree = "<group>"; };
		CCF242A11B3A7DBE0056374F /* AppDelegate.swift */ = {isa = PBXFileReference; lastKnownFileType = sourcecode.swift; path = AppDelegate.swift; sourceTree = "<group>"; };
		CCF242A31B3A7DBE0056374F /* ViewController.swift */ = {isa = PBXFileReference; lastKnownFileType = sourcecode.swift; path = ViewController.swift; sourceTree = "<group>"; };
		CCF242A61B3A7DBE0056374F /* Base */ = {isa = PBXFileReference; lastKnownFileType = file.storyboard; name = Base; path = Base.lproj/Main.storyboard; sourceTree = "<group>"; };
		CCF242A81B3A7DBE0056374F /* Images.xcassets */ = {isa = PBXFileReference; lastKnownFileType = folder.assetcatalog; path = Images.xcassets; sourceTree = "<group>"; };
		CCF242AB1B3A7DBE0056374F /* Base */ = {isa = PBXFileReference; lastKnownFileType = file.xib; name = Base; path = Base.lproj/LaunchScreen.xib; sourceTree = "<group>"; };
		CCF242B11B3A7DBE0056374F /* Auto LayoutTests.xctest */ = {isa = PBXFileReference; explicitFileType = wrapper.cfbundle; includeInIndex = 0; path = "Auto LayoutTests.xctest"; sourceTree = BUILT_PRODUCTS_DIR; };
		CCF242B61B3A7DBE0056374F /* Info.plist */ = {isa = PBXFileReference; lastKnownFileType = text.plist.xml; path = Info.plist; sourceTree = "<group>"; };
		CCF242B71B3A7DBE0056374F /* Auto_LayoutTests.swift */ = {isa = PBXFileReference; lastKnownFileType = sourcecode.swift; path = Auto_LayoutTests.swift; sourceTree = "<group>"; };
/* End PBXFileReference section */

/* Begin PBXFrameworksBuildPhase section */
		CCF242991B3A7DBE0056374F /* Frameworks */ = {
			isa = PBXFrameworksBuildPhase;
			buildActionMask = 2147483647;
			files = (
			);
			runOnlyForDeploymentPostprocessing = 0;
		};
		CCF242AE1B3A7DBE0056374F /* Frameworks */ = {
			isa = PBXFrameworksBuildPhase;
			buildActionMask = 2147483647;
			files = (
			);
			runOnlyForDeploymentPostprocessing = 0;
		};
/* End PBXFrameworksBuildPhase section */

/* Begin PBXGroup section */
		CCF242931B3A7DBE0056374F = {
			isa = PBXGroup;
			children = (
				CCF2429E1B3A7DBE0056374F /* Auto Layout */,
				CCF242B41B3A7DBE0056374F /* Auto LayoutTests */,
				CCF2429D1B3A7DBE0056374F /* Products */,
			);
			sourceTree = "<group>";
		};
		CCF2429D1B3A7DBE0056374F /* Products */ = {
			isa = PBXGroup;
			children = (
				CCF2429C1B3A7DBE0056374F /* Auto Layout.app */,
				CCF242B11B3A7DBE0056374F /* Auto LayoutTests.xctest */,
			);
			name = Products;
			sourceTree = "<group>";
		};
		CCF2429E1B3A7DBE0056374F /* Auto Layout */ = {
			isa = PBXGroup;
			children = (
				CCF242A11B3A7DBE0056374F /* AppDelegate.swift */,
				CCF242A31B3A7DBE0056374F /* ViewController.swift */,
				CCF242A51B3A7DBE0056374F /* Main.storyboard */,
				CCF242A81B3A7DBE0056374F /* Images.xcassets */,
				CCF242AA1B3A7DBE0056374F /* LaunchScreen.xib */,
				CCF2429F1B3A7DBE0056374F /* Supporting Files */,
			);
			path = "Auto Layout";
			sourceTree = "<group>";
		};
		CCF2429F1B3A7DBE0056374F /* Supporting Files */ = {
			isa = PBXGroup;
			children = (
				CCF242A01B3A7DBE0056374F /* Info.plist */,
			);
			name = "Supporting Files";
			sourceTree = "<group>";
		};
		CCF242B41B3A7DBE0056374F /* Auto LayoutTests */ = {
			isa = PBXGroup;
			children = (
				CCF242B71B3A7DBE0056374F /* Auto_LayoutTests.swift */,
				CCF242B51B3A7DBE0056374F /* Supporting Files */,
			);
			path = "Auto LayoutTests";
			sourceTree = "<group>";
		};
		CCF242B51B3A7DBE0056374F /* Supporting Files */ = {
			isa = PBXGroup;
			children = (
				CCF242B61B3A7DBE0056374F /* Info.plist */,
			);
			name = "Supporting Files";
			sourceTree = "<group>";
		};
/* End PBXGroup section */

/* Begin PBXNativeTarget section */
		CCF2429B1B3A7DBE0056374F /* Auto Layout */ = {
			isa = PBXNativeTarget;
			buildConfigurationList = CCF242BB1B3A7DBE0056374F /* Build configuration list for PBXNativeTarget "Auto Layout" */;
			buildPhases = (
				CCF242981B3A7DBE0056374F /* Sources */,
				CCF242991B3A7DBE0056374F /* Frameworks */,
				CCF2429A1B3A7DBE0056374F /* Resources */,
			);
			buildRules = (
			);
			dependencies = (
			);
			name = "Auto Layout";
			productName = "Auto Layout";
			productReference = CCF2429C1B3A7DBE0056374F /* Auto Layout.app */;
			productType = "com.apple.product-type.application";
		};
		CCF242B01B3A7DBE0056374F /* Auto LayoutTests */ = {
			isa = PBXNativeTarget;
			buildConfigurationList = CCF242BE1B3A7DBE0056374F /* Build configuration list for PBXNativeTarget "Auto LayoutTests" */;
			buildPhases = (
				CCF242AD1B3A7DBE0056374F /* Sources */,
				CCF242AE1B3A7DBE0056374F /* Frameworks */,
				CCF242AF1B3A7DBE0056374F /* Resources */,
			);
			buildRules = (
			);
			dependencies = (
				CCF242B31B3A7DBE0056374F /* PBXTargetDependency */,
			);
			name = "Auto LayoutTests";
			productName = "Auto LayoutTests";
			productReference = CCF242B11B3A7DBE0056374F /* Auto LayoutTests.xctest */;
			productType = "com.apple.product-type.bundle.unit-test";
		};
/* End PBXNativeTarget section */

/* Begin PBXProject section */
		CCF242941B3A7DBE0056374F /* Project object */ = {
			isa = PBXProject;
			attributes = {
				LastSwiftUpdateCheck = 0700;
				LastUpgradeCheck = 0630;
				ORGANIZATIONNAME = "Bart Jacobs";
				TargetAttributes = {
					CCF2429B1B3A7DBE0056374F = {
						CreatedOnToolsVersion = 6.3.1;
					};
					CCF242B01B3A7DBE0056374F = {
						CreatedOnToolsVersion = 6.3.1;
						TestTargetID = CCF2429B1B3A7DBE0056374F;
					};
				};
			};
			buildConfigurationList = CCF242971B3A7DBE0056374F /* Build configuration list for PBXProject "Auto Layout" */;
			compatibilityVersion = "Xcode 3.2";
			developmentRegion = English;
			hasScannedForEncodings = 0;
			knownRegions = (
				en,
				Base,
			);
			mainGroup = CCF242931B3A7DBE0056374F;
			productRefGroup = CCF2429D1B3A7DBE0056374F /* Products */;
			projectDirPath = "";
			projectRoot = "";
			targets = (
				CCF2429B1B3A7DBE0056374F /* Auto Layout */,
				CCF242B01B3A7DBE0056374F /* Auto LayoutTests */,
			);
		};
/* End PBXProject section */

/* Begin PBXResourcesBuildPhase section */
		CCF2429A1B3A7DBE0056374F /* Resources */ = {
			isa = PBXResourcesBuildPhase;
			buildActionMask = 2147483647;
			files = (
				CCF242A71B3A7DBE0056374F /* Main.storyboard in Resources */,
				CCF242AC1B3A7DBE0056374F /* LaunchScreen.xib in Resources */,
				CCF242A91B3A7DBE0056374F /* Images.xcassets in Resources */,
			);
			runOnlyForDeploymentPostprocessing = 0;
		};
		CCF242AF1B3A7DBE0056374F /* Resources */ = {
			isa = PBXResourcesBuildPhase;
			buildActionMask = 2147483647;
			files = (
			);
			runOnlyForDeploymentPostprocessing = 0;
		};
/* End PBXResourcesBuildPhase section */

/* Begin PBXSourcesBuildPhase section */
		CCF242981B3A7DBE0056374F /* Sources */ = {
			isa = PBXSourcesBuildPhase;
			buildActionMask = 2147483647;
			files = (
				CCF242A41B3A7DBE0056374F /* ViewController.swift in Sources */,
				CCF242A21B3A7DBE0056374F /* AppDelegate.swift in Sources */,
			);
			runOnlyForDeploymentPostprocessing = 0;
		};
		CCF242AD1B3A7DBE0056374F /* Sources */ = {
			isa = PBXSourcesBuildPhase;
			buildActionMask = 2147483647;
			files = (
				CCF242B81B3A7DBE0056374F /* Auto_LayoutTests.swift in Sources */,
			);
			runOnlyForDeploymentPostprocessing = 0;
		};
/* End PBXSourcesBuildPhase section */

/* Begin PBXTargetDependency section */
		CCF242B31B3A7DBE0056374F /* PBXTargetDependency */ = {
			isa = PBXTargetDependency;
			target = CCF2429B1B3A7DBE0056374F /* Auto Layout */;
			targetProxy = CCF242B21B3A7DBE0056374F /* PBXContainerItemProxy */;
		};
/* End PBXTargetDependency section */

/* Begin PBXVariantGroup section */
		CCF242A51B3A7DBE0056374F /* Main.storyboard */ = {
			isa = PBXVariantGroup;
			children = (
				CCF242A61B3A7DBE0056374F /* Base */,
			);
			name = Main.storyboard;
			sourceTree = "<group>";
		};
		CCF242AA1B3A7DBE0056374F /* LaunchScreen.xib */ = {
			isa = PBXVariantGroup;
			children = (
				CCF242AB1B3A7DBE0056374F /* Base */,
			);
			name = LaunchScreen.xib;
			sourceTree = "<group>";
		};
/* End PBXVariantGroup section */

/* Begin XCBuildConfiguration section */
		CCF242B91B3A7DBE0056374F /* Debug */ = {
			isa = XCBuildConfiguration;
			buildSettings = {
				ALWAYS_SEARCH_USER_PATHS = NO;
				CLANG_CXX_LANGUAGE_STANDARD = "gnu++0x";
				CLANG_CXX_LIBRARY = "libc++";
				CLANG_ENABLE_MODULES = YES;
				CLANG_ENABLE_OBJC_ARC = YES;
				CLANG_WARN_BOOL_CONVERSION = YES;
				CLANG_WARN_CONSTANT_CONVERSION = YES;
				CLANG_WARN_DIRECT_OBJC_ISA_USAGE = YES_ERROR;
				CLANG_WARN_EMPTY_BODY = YES;
				CLANG_WARN_ENUM_CONVERSION = YES;
				CLANG_WARN_INT_CONVERSION = YES;
				CLANG_WARN_OBJC_ROOT_CLASS = YES_ERROR;
				CLANG_WARN_UNREACHABLE_CODE = YES;
				CLANG_WARN__DUPLICATE_METHOD_MATCH = YES;
				"CODE_SIGN_IDENTITY[sdk=iphoneos*]" = "iPhone Developer";
				COPY_PHASE_STRIP = NO;
				DEBUG_INFORMATION_FORMAT = "dwarf-with-dsym";
				ENABLE_STRICT_OBJC_MSGSEND = YES;
				GCC_C_LANGUAGE_STANDARD = gnu99;
				GCC_DYNAMIC_NO_PIC = NO;
				GCC_NO_COMMON_BLOCKS = YES;
				GCC_OPTIMIZATION_LEVEL = 0;
				GCC_PREPROCESSOR_DEFINITIONS = (
					"DEBUG=1",
					"$(inherited)",
				);
				GCC_SYMBOLS_PRIVATE_EXTERN = NO;
				GCC_WARN_64_TO_32_BIT_CONVERSION = YES;
				GCC_WARN_ABOUT_RETURN_TYPE = YES_ERROR;
				GCC_WARN_UNDECLARED_SELECTOR = YES;
				GCC_WARN_UNINITIALIZED_AUTOS = YES_AGGRESSIVE;
				GCC_WARN_UNUSED_FUNCTION = YES;
				GCC_WARN_UNUSED_VARIABLE = YES;
				IPHONEOS_DEPLOYMENT_TARGET = 8.3;
				MTL_ENABLE_DEBUG_INFO = YES;
				ONLY_ACTIVE_ARCH = YES;
				SDKROOT = iphoneos;
				SWIFT_OPTIMIZATION_LEVEL = "-Onone";
				TARGETED_DEVICE_FAMILY = "1,2";
			};
			name = Debug;
		};
		CCF242BA1B3A7DBE0056374F /* Release */ = {
			isa = XCBuildConfiguration;
			buildSettings = {
				ALWAYS_SEARCH_USER_PATHS = NO;
				CLANG_CXX_LANGUAGE_STANDARD = "gnu++0x";
				CLANG_CXX_LIBRARY = "libc++";
				CLANG_ENABLE_MODULES = YES;
				CLANG_ENABLE_OBJC_ARC = YES;
				CLANG_WARN_BOOL_CONVERSION = YES;
				CLANG_WARN_CONSTANT_CONVERSION = YES;
				CLANG_WARN_DIRECT_OBJC_ISA_USAGE = YES_ERROR;
				CLANG_WARN_EMPTY_BODY = YES;
				CLANG_WARN_ENUM_CONVERSION = YES;
				CLANG_WARN_INT_CONVERSION = YES;
				CLANG_WARN_OBJC_ROOT_CLASS = YES_ERROR;
				CLANG_WARN_UNREACHABLE_CODE = YES;
				CLANG_WARN__DUPLICATE_METHOD_MATCH = YES;
				"CODE_SIGN_IDENTITY[sdk=iphoneos*]" = "iPhone Developer";
				COPY_PHASE_STRIP = NO;
				DEBUG_INFORMATION_FORMAT = "dwarf-with-dsym";
				ENABLE_NS_ASSERTIONS = NO;
				ENABLE_STRICT_OBJC_MSGSEND = YES;
				GCC_C_LANGUAGE_STANDARD = gnu99;
				GCC_NO_COMMON_BLOCKS = YES;
				GCC_WARN_64_TO_32_BIT_CONVERSION = YES;
				GCC_WARN_ABOUT_RETURN_TYPE = YES_ERROR;
				GCC_WARN_UNDECLARED_SELECTOR = YES;
				GCC_WARN_UNINITIALIZED_AUTOS = YES_AGGRESSIVE;
				GCC_WARN_UNUSED_FUNCTION = YES;
				GCC_WARN_UNUSED_VARIABLE = YES;
				IPHONEOS_DEPLOYMENT_TARGET = 8.3;
				MTL_ENABLE_DEBUG_INFO = NO;
				SDKROOT = iphoneos;
				TARGETED_DEVICE_FAMILY = "1,2";
				VALIDATE_PRODUCT = YES;
			};
			name = Release;
		};
		CCF242BC1B3A7DBE0056374F /* Debug */ = {
			isa = XCBuildConfiguration;
			buildSettings = {
				ASSETCATALOG_COMPILER_APPICON_NAME = AppIcon;
				INFOPLIST_FILE = "Auto Layout/Info.plist";
				LD_RUNPATH_SEARCH_PATHS = "$(inherited) @executable_path/Frameworks";
				PRODUCT_NAME = "$(TARGET_NAME)";
			};
			name = Debug;
		};
		CCF242BD1B3A7DBE0056374F /* Release */ = {
			isa = XCBuildConfiguration;
			buildSettings = {
				ASSETCATALOG_COMPILER_APPICON_NAME = AppIcon;
				INFOPLIST_FILE = "Auto Layout/Info.plist";
				LD_RUNPATH_SEARCH_PATHS = "$(inherited) @executable_path/Frameworks";
				PRODUCT_NAME = "$(TARGET_NAME)";
			};
			name = Release;
		};
		CCF242BF1B3A7DBE0056374F /* Debug */ = {
			isa = XCBuildConfiguration;
			buildSettings = {
				BUNDLE_LOADER = "$(TEST_HOST)";
				FRAMEWORK_SEARCH_PATHS = (
					"$(SDKROOT)/Developer/Library/Frameworks",
					"$(inherited)",
				);
				GCC_PREPROCESSOR_DEFINITIONS = (
					"DEBUG=1",
					"$(inherited)",
				);
				INFOPLIST_FILE = "Auto LayoutTests/Info.plist";
				LD_RUNPATH_SEARCH_PATHS = "$(inherited) @executable_path/Frameworks @loader_path/Frameworks";
				PRODUCT_NAME = "$(TARGET_NAME)";
				TEST_HOST = "$(BUILT_PRODUCTS_DIR)/Auto Layout.app/Auto Layout";
			};
			name = Debug;
		};
		CCF242C01B3A7DBE0056374F /* Release */ = {
			isa = XCBuildConfiguration;
			buildSettings = {
				BUNDLE_LOADER = "$(TEST_HOST)";
				FRAMEWORK_SEARCH_PATHS = (
					"$(SDKROOT)/Developer/Library/Frameworks",
					"$(inherited)",
				);
				INFOPLIST_FILE = "Auto LayoutTests/Info.plist";
				LD_RUNPATH_SEARCH_PATHS = "$(inherited) @executable_path/Frameworks @loader_path/Frameworks";
				PRODUCT_NAME = "$(TARGET_NAME)";
				TEST_HOST = "$(BUILT_PRODUCTS_DIR)/Auto Layout.app/Auto Layout";
			};
			name = Release;
		};
/* End XCBuildConfiguration section */

/* Begin XCConfigurationList section */
		CCF242971B3A7DBE0056374F /* Build configuration list for PBXProject "Auto Layout" */ = {
			isa = XCConfigurationList;
			buildConfigurations = (
				CCF242B91B3A7DBE0056374F /* Debug */,
				CCF242BA1B3A7DBE0056374F /* Release */,
			);
			defaultConfigurationIsVisible = 0;
			defaultConfigurationName = Release;
		};
		CCF242BB1B3A7DBE0056374F /* Build configuration list for PBXNativeTarget "Auto Layout" */ = {
			isa = XCConfigurationList;
			buildConfigurations = (
				CCF242BC1B3A7DBE0056374F /* Debug */,
				CCF242BD1B3A7DBE0056374F /* Release */,
			);
			defaultConfigurationIsVisible = 0;
			defaultConfigurationName = Release;
		};
		CCF242BE1B3A7DBE0056374F /* Build configuration list for PBXNativeTarget "Auto LayoutTests" */ = {
			isa = XCConfigurationList;
			buildConfigurations = (
				CCF242BF1B3A7DBE0056374F /* Debug */,
				CCF242C01B3A7DBE0056374F /* Release */,
			);
			defaultConfigurationIsVisible = 0;
			defaultConfigurationName = Release;
		};
/* End XCConfigurationList section */
	};
	rootObject = CCF242941B3A7DBE0056374F /* Project object */;
}
